{
    "_meta": {
        "hash": {
            "sha256": "4f11ab41bed540c4acd873b1e7049aae433da8d6f4b59943b93dc1b419cb9eb2"
        },
        "pipfile-spec": 6,
        "requires": {
            "python_version": "3.8"
        },
        "sources": [
            {
                "name": "pip_conf_index_global",
                "url": "https://pypi.tuna.tsinghua.edu.cn/simple",
                "verify_ssl": true
            }
        ]
    },
    "default": {
        "annotated-types": {
            "hashes": [
                "sha256:1f02e8b43a8fbbc3f3e0d4f0f4bfc8131bcb4eebe8849b8e5c773f3a1c582a53",
                "sha256:aff07c09a53a08bc8cfccb9c85b05f1aa9a2a6f23728d790723543408344ce89"
            ],
            "markers": "python_version >= '3.8'",
            "version": "==0.7.0"
        },
        "anyio": {
            "hashes": [
                "sha256:673c0c244e15788651a4ff38710fea9675823028a6f08a5eda409e0c9840a028",
                "sha256:9f76d541cad6e36af7beb62e978876f3b41e3e04f2c1fbf0884604c0a9c4d93c"
            ],
            "markers": "python_version >= '3.9'",
            "version": "==4.9.0"
        },
        "bsdiff4": {
            "hashes": [
                "sha256:04bb2948301ad48123d308bf2342c83cae81d7edb52d11bdde00266d89ca071e",
                "sha256:0b29568d1e33e32ea075c12a696b32e4d6cea344d0270a2292075254efd86014",
                "sha256:0d45733fb226ad54122a0c46714c7e5af4aa796a22bc4c52e45c4f3784f957b6",
                "sha256:0e2e8176196400ba7188795b172d7ef5e953bb09b8158a92e42f0a687d6f77d6",
                "sha256:0fb562e451d5b3a7523c67ce04fe541d3a004914e5760a47116883972f5ff8bc",
                "sha256:105467c646fa9259d4b66acdcca65aa1b1f628d52c0cf8d79e4c58f6a7eedefa",
                "sha256:139d4a4a3eef2c6bb85ce5e18de27a0ebae11eacac3b3ff4423986f13a21c375",
                "sha256:15e2278123c7ee7a348f7e76814f34b3c8062ca4f24492a7358c426d79507404",
                "sha256:164a059e1e07932f91d90471a4ef4dac749f2dee780f08501522805398b32ed8",
                "sha256:1edd3069dc14cecaa804faaae776a5d14f85217c41b3180b794e5fbf684d35dd",
                "sha256:216325b9f2966c288740ea5cfc3e8a606922458a9a81f74b710a8d21cd4f86ea",
                "sha256:223ae0fc9f386dcf919a09a2029c391a0f0afaf4a5892b9a6e1b622bf42e1ae5",
                "sha256:2534e286ef5ae58767b9b17be64742424ca1e52ec748b0d8f8e24eecd12bc28a",
                "sha256:25575a769f22cb3f8abad34902f98b1351356578fb8ee9e87bee77f97358fd11",
                "sha256:25dcc0e78a32c26d813db0a810db85da9414b774cea572558fe33ff0442459e5",
                "sha256:29def064f6bcd13d0d7a82e5caa4848158b7f49c3a8fe44fbef3031456fb7dd2",
                "sha256:2a800adc653fcad0f700dbe4efe4bbbc00a70be78a9f356a9a2b8816b8586c6b",
                "sha256:2ab57d01a78b39e29e5accc9cfead4130982ded9dccbc4261bd0e9c51d6b751d",
                "sha256:2bb5847f908905022791787142d00814b47f47990ab32be56e6cb3fc52a6f0ef",
                "sha256:2e986f6278d9f1dc124d9c67533d6dd1c93883b5d57ca54c4e224ec888613ab7",
                "sha256:3096347c559028d85dd04d62f482315f58ce747f30b2cc762001e4625ef48f1e",
                "sha256:30b891dcd000c62db3d64d90fdfa8004057283048149312be8c29b3db6797ee3",
                "sha256:35a0208a68b9932f5bfa2a7fa7b63abce706e6319eadd40a1dfa156f202a0e12",
                "sha256:37ff935ba714e0726584dad2bc4c063218b588b110115e8554ebc438ee7bccf3",
                "sha256:38dedd760a6f3a32d86aa91575c34f6541455357e7d90850f488ba8cd94108d7",
                "sha256:39ddfa2137de44c9743a611d71d263d0cc8c45e5b18ee84ca5ff6b6240be1740",
                "sha256:402eff417dc0dd1cebc2dd8fb59047e20a038f6566481214356068b4e329ac27",
                "sha256:403e8cc003451a8c4672c345a50aee3cf89d20983701e38fbbb67e07cb808c57",
                "sha256:429ff66d8c1c813bc647fc5d975598853ce30632cb59ed0d1551aa6fd959233a",
                "sha256:43649a44fc21f017be902e19ccf7fb8bac6ef2d7f93d871bbc6bc49acec9ffee",
                "sha256:46313f0eb8f63efb54a3c4219cd7b5b8a7795012b535f9d0838fe3f2b3349849",
                "sha256:4679a032f803aa3e9cb64d2c9fd1740de8902ef746a2f41dbed60da8615935de",
                "sha256:483f53cf7504cb174e680e6a0d1545fdba59db5a8b17e62b3e207de6940235be",
                "sha256:48ea2298a281068d82b78454ee58ac7306ed38c9af55afddb04cf796df932d63",
                "sha256:4b7f1fd60e66220fc6986bf78f64ea603012cff4b6f8a2ccd83d0845d147f467",
                "sha256:4cef2081202b540076bbca1c1c0d6abf90222576548638b2f159c0dcf4401f65",
                "sha256:4fc2b9c8df45c29df2e87b215763dc7a47f3840a16222ca6909eb6b0a4bcd0c7",
                "sha256:4ff079b0f4cf874af4b6816983557b6b9d45996f88736046653e2d2311fa1876",
                "sha256:503a104a545bb890baec09ca8282a20594fc795b4960fa149729fab34b0a8134",
                "sha256:51706c27ad6064d92a11e75774e402b7872904e293f3b7518ab8bb49459b4772",
                "sha256:544234a2729c167c80f28804ef1deb4b82df8d35de0820ac30a540028c9c47d1",
                "sha256:5529731ac88151345a8bb76dad4fdb218af10a8a505161d1aa3d669e49cb7b77",
                "sha256:56c2728c96d1d4eb8e089e4797c018a56be3f905f440fb507773f44c567fcd38",
                "sha256:57f9a7cc99ee1938f84265e3b781cdc6c26d2691c7c95a2fe237ee65409e3b7b",
                "sha256:59787e3f9aeed52128266d2898baf81d9d5af265993f947c5510d3eb3df52026",
                "sha256:5ae913b3fe59867b2ba204846059817fdbd84c62e72f299656baf3371b48cddb",
                "sha256:61f504f8ad04cc4f4aea06a56f81ba392fcfd58434b67210186772bc949f6b8d",
                "sha256:6474d8f34f89d25fa1803c639cc8ed49121752a56a15b4cd21e9267154cdaf70",
                "sha256:650a9fb5cb3bf11b17c0f1ebfca9a22ce7d60a2f517ec3fca0fbcc95cae6e073",
                "sha256:661e3c2ad174bfef21c53bc9eb28e221c9eb1a5fc68637f45e1d49c2778dd46a",
                "sha256:6892a9fbd5ff661398185f1f63132694f3e26f7b1dc2126e19bd0498e91cc6c2",
                "sha256:69c5052e94ad991c397b5a46f8eab42f2e256c42aa5677896b7a3ea9e3d06adc",
                "sha256:6ad599216e7ee3db5737951d06c43b8e65d5b0db5c42300e85f18d399ec0bc5e",
                "sha256:6be63ba562c94a3b4b1e3ff1e2b264da34be9dc1e9cd997875bfe11851045f75",
                "sha256:6c94e978fc35c5ae97fce0a76b694885d11726f76e7b90df86c019c53e10494a",
                "sha256:6d002c09b4113bbc19889aa0df63adeb8eb3e8969aa843e4304a3a526e34ac36",
                "sha256:6ddadb8cde9a764891713f86b8e4a20a29bf9b46e830e5235aac49776b61db9e",
                "sha256:701168e2931da777e6e72ae17f22eb519e9ce25ec5108d149c9da7b3b80e1184",
                "sha256:724bfdb9a99d89d89bc6e2a9b8b01fd9a1b5ac13397903c0fa13d7f2c57be2dd",
                "sha256:734552992ecc86749a8ef55d03f999f9a47576cc609d7d4d9a7aec274b43ee4d",
                "sha256:74f6f3de195e50ee7ec128be0d184b01f1005a28e35a3b3275a88b5063c93523",
                "sha256:7a39e96b6bdecadde9ec25a0588047c823eef2410870e275bc1d9079e7a9b763",
                "sha256:7a7b234c1d85d9b29c2232f7a8767ac007ee0e5dd3b68e08e5b0b4c002659225",
                "sha256:7d3c163daa68218a2ee8e6fa462c2748e7a85831c768600b206e0b16efcf7a47",
                "sha256:817a6c6e279c703ca0935438b745cb1d9e6039e521786dc0efa598d9143b0d0c",
                "sha256:853c3221daac6f8d347f12eb0b73ca9dbb7db483e7b5f40b1e2fbb05730645a7",
                "sha256:8708f83282f41a253b1b2436e337a3d934373e92fbc1a39ea7565d7b2f03c70e",
                "sha256:88c1bf726f31d8b9ff78a63e2f0c99ae7b7ec0ed8197ee5faec857df60362a8b",
                "sha256:897a260d30acc4df9803f500682eb7951fdc104a3e155787e1e581258f38df50",
                "sha256:899aec9c1c2fe23d143563af9aa9ccda5c79166886f58263a96f3fe89eb1ad3b",
                "sha256:8a46a3f579247a2f9b7a2b49e6176be7903bf15b0b156fbda6bdbb47bf717bff",
                "sha256:8cfe8212daba5c9e582018105c5e5d9d5029a83d0196baa8ab23191937478362",
                "sha256:8ddd94137e3bfb71e2a5efae179f8aa1660192f822835e0bfd857b6e31158c06",
                "sha256:92d80fc6a8bc6bd3586df31dda7acbeb9bfe73a1591008533843ee374e8f7395",
                "sha256:93b45e7fa990cdef0627a0d78c8380f03c71e4b770748b2305b980785f1928a9",
                "sha256:94290de262cb823bb557860c20769e63fd20f3d29b1a31b8c69e4309f2fdede0",
                "sha256:94526dc11e56f330c2f4b1e2e9389b958a7891f6c86b5aac83bd9c7a90eb088a",
                "sha256:9d53fd3d9afb9660e237443bfd0aad24635c0f0117e4822b47bd290bd474ba83",
                "sha256:9deb9b3cdb4d327e43b8c7bd11ed3707587f1183b35fb8a4c06c4f34bce62c6a",
                "sha256:9e5be120d16498a8c8d48d8b94c03ff8a6382f0543938c87a10a2a74751284ec",
                "sha256:9f06f0c0a6f4633148496d96ffe5289861ec43c85bd602e6753a03962300717f",
                "sha256:9f246beea8dce9725b2ae17487059e488b213ea22e9df04170fca2dec9ac2f30",
                "sha256:a28eefc0fef5e34d5a84fb717b44b69b0d483219509aaf44261390674081152f",
                "sha256:a6566630c592fcf0b35bc507328ddf4b22732ece7a6a3657c6dcfddd532ed13b",
                "sha256:a7ea1fdb67a8b9e310ef5ca223ae7ee78e0f320881a500f0eead4cbc0b232687",
                "sha256:a98d7975a670fc360d894ef2ec00294e6b7b19790c58457e40c8a5d57a1865b0",
                "sha256:ab903d1a7f3158d77a139fc42540c52b778510158337daf81bbd06b18ad2cd9b",
                "sha256:ae71d466525955c636bf79fb3fe592008a8f21f7ff028ec9e42421f5ba299471",
                "sha256:af3cfbc97923ff31d5f028a0c2ebfcae28a50fa571be6cee660bee4d82dc66f9",
                "sha256:b151c28098b3c522b1735cdfe5e84e8f164f0ef4a592adb227d7a10727034673",
                "sha256:b1ead97fd8527ff20870dc3100c798e93201ef319463aad5bf14ff2dbea3e3d3",
                "sha256:b5f98e9f02a7bca85dd2ae5d728feb6279d745e0809978b6cde3ac5f82e25328",
                "sha256:b6afa0d97cb80cb087f8d1015fa7e64fd3d938b4ea6a0d76dbfca8af506636a7",
                "sha256:b713db1ab30d4cc4b2d01551360617907dd43313bfe0b64fa96e6e30b98cfb8e",
                "sha256:b7309380d8edbd3d46c4ed3930f7062b793bac8f004b32139db7af7c4612e241",
                "sha256:b8ee881d162dd8a5f0c75f6b79547fddafc63ae713b852cef04f9358c9d8cc1e",
                "sha256:ba5028a2aaa8e4cacb224031af9140e05d9c407ba15b59471380badcc4845777",
                "sha256:ba6e85116805318b5988b006029d40817777cbd372dea3d6f0274a408ee645c2",
                "sha256:baa76ec557dc48847c3ed1ff5720b5095c439c868f7568da30dcabbabceb2b92",
                "sha256:bacc5460c473b4ef6c09ccea16df2afd31b2860b9838edb870fed19bf4212d71",
                "sha256:bc1efdaea5a18b8a5cd149baf275cdb5c294d7143556042ce28116cf1e6c70cc",
                "sha256:bce6c2ab32c7fa53f971c05ca5f8428408efc7f87527a84c7e62f32a4d6d2d4d",
                "sha256:bdc0e7f8da93081982c73941de4c745e5586744c4cdc659afa1fec12a4694a03",
                "sha256:bf055ebf32fffe93e9f803b8c9e5c13ddec4722bef970004815aedee85ebb7bd",
                "sha256:bfdefadc2c9ce07cbcdec29ba803935b87bb2649611e356c4ceeff797baa87a4",
                "sha256:c07ec6b37098aa1abef8b1ce7132925ba79755581dddfb7fd86c6226a7302877",
                "sha256:c5af4fe780e859491beaf641e34c0e965f5f65fcd96b2d7860ca297b3fc91a53",
                "sha256:c6ba69929a979ee6f3493a3c05ccb987c3cad25bc9da4e51472d93cf9a3480b2",
                "sha256:c8089827c41b37f7c9192492742289929097c5ab2a6b3a120919fee27fbc01b8",
                "sha256:ccb7054260db3e9c63d990a7974ed36080f02e7da90d6cb03d8175101c19b4ee",
                "sha256:cd133a9475c9dfba6243dd07f118ee58a0b7f136c00d316e2d92d3f82169bd9e",
                "sha256:cd5c20cd03673c8f44a3fca4a032accde0f492c55401dea77af957d55f2bd580",
                "sha256:d09319e005e86170642c1060929c7b53e11ba71130fa0f7e9934d366b9b0fdd9",
                "sha256:d130718b6a7cc092fcdd42fccecb35096c8741f411c2d9dbf37072620d9813ee",
                "sha256:d358a66f33075b3efebc91f60350fb2d334d2fe2d15b2aba7cfbb4cb12be2624",
                "sha256:d994ee6113c3f030bb9f373e917f00db13c026c295fe9f314f23171935d88371",
                "sha256:d9a3044af04fe6c83d065c34dda4598dfd9479639c7eee0523227693c24e09ef",
                "sha256:dffcf41411c2c2e47a009b7436c9c9f0499f29ff9ecf703461284c738889f10d",
                "sha256:e08bc23ca5425f72d2c87a66b6ac4e8d7765abe04ed9c8233b8cdb3ef1ee6808",
                "sha256:e6f4cf8e00116e14e9e6c3fb5747478022a27215a9a65ed223fed82d2cfbc4d3",
                "sha256:e6f5f03db181cdc341563c25b2e30079c67c639b7fe7439720f3b83140fc6555",
                "sha256:e778f9e9e3df5f3ffdf82b338ceefa2a6fee3fd14366d50cde74dc849e083cbb",
                "sha256:e87394a601ccd383474d8dbe10187ed2da45d2ae6b631268ec674385725e50b5",
                "sha256:e87c67b06ac96af6171b774dc8c03d2bde70c67c6488078eff44e0af4864acf6",
                "sha256:e8b7261b0015b1f567e28b4b402552030fe9649b708c8201909d31a4a0ace991",
                "sha256:ed07a0ffa04758965680ed5307ea1a2c393740b44b03f4de6938b316847e6f8b",
                "sha256:ee4417341712a4bf736694ce9ad3902b8c6fbd3425aadca44df9b66a51bbefa4",
                "sha256:f1fdcd710127f36aafadb4cb6de60b3f79f3609f2c65533d349fe15a5340c7a3",
                "sha256:f2f7504f08181227717fee04f25169d5901322c29d3fd054e4cb61bd60b3ffb4",
                "sha256:f39e910ea74f94c8826549857e0a92b7dd863551ea5c6d74b5d2f6218ac74fce",
                "sha256:f5474e1d9253564ed0823e2685a403d9dfdbba3c7b70a80f5066d61427848253",
                "sha256:f6b5757b1a83829f00ef34953c6865ea82e9c71126e465bc32d029c55da9e45b",
                "sha256:f8e9c876929c03ef5d448e2626e8b2961040c3a9f0dd3d483643dbccd0e7ff7a",
                "sha256:f9f2e5e716d35af3252f69a15afc2b166970c98596a1114af4c6d2834fe8e871"
            ],
            "index": "pip_conf_index_global",
            "version": "==1.2.6"
        },
        "certifi": {
            "hashes": [
                "sha256:c1d2ec05395148ee10cf672ffc28cd37ea0ab0d99f9cc74c43e588cbd111b079",
                "sha256:d842783a14f8fdd646895ac26f719a061408834473cfc10203f6a575beb15d39"
            ],
            "markers": "python_version >= '3.7'",
            "version": "==2025.7.9"
        },
        "charset-normalizer": {
            "hashes": [
                "sha256:005fa3432484527f9732ebd315da8da8001593e2cf46a3d817669f062c3d9ed4",
                "sha256:046595208aae0120559a67693ecc65dd75d46f7bf687f159127046628178dc45",
                "sha256:0c29de6a1a95f24b9a1aa7aefd27d2487263f00dfd55a77719b530788f75cff7",
                "sha256:0c8c57f84ccfc871a48a47321cfa49ae1df56cd1d965a09abe84066f6853b9c0",
                "sha256:0f5d9ed7f254402c9e7d35d2f5972c9bbea9040e99cd2861bd77dc68263277c7",
                "sha256:18dd2e350387c87dabe711b86f83c9c78af772c748904d372ade190b5c7c9d4d",
                "sha256:1b1bde144d98e446b056ef98e59c256e9294f6b74d7af6846bf5ffdafd687a7d",
                "sha256:1c95a1e2902a8b722868587c0e1184ad5c55631de5afc0eb96bc4b0d738092c0",
                "sha256:1cad5f45b3146325bb38d6855642f6fd609c3f7cad4dbaf75549bf3b904d3184",
                "sha256:21b2899062867b0e1fde9b724f8aecb1af14f2778d69aacd1a5a1853a597a5db",
                "sha256:24498ba8ed6c2e0b56d4acbf83f2d989720a93b41d712ebd4f4979660db4417b",
                "sha256:25a23ea5c7edc53e0f29bae2c44fcb5a1aa10591aae107f2a2b2583a9c5cbc64",
                "sha256:289200a18fa698949d2b39c671c2cc7a24d44096784e76614899a7ccf2574b7b",
                "sha256:28a1005facc94196e1fb3e82a3d442a9d9110b8434fc1ded7a24a2983c9888d8",
                "sha256:32fc0341d72e0f73f80acb0a2c94216bd704f4f0bce10aedea38f30502b271ff",
                "sha256:36b31da18b8890a76ec181c3cf44326bf2c48e36d393ca1b72b3f484113ea344",
                "sha256:3c21d4fca343c805a52c0c78edc01e3477f6dd1ad7c47653241cf2a206d4fc58",
                "sha256:3fddb7e2c84ac87ac3a947cb4e66d143ca5863ef48e4a5ecb83bd48619e4634e",
                "sha256:43e0933a0eff183ee85833f341ec567c0980dae57c464d8a508e1b2ceb336471",
                "sha256:4a476b06fbcf359ad25d34a057b7219281286ae2477cc5ff5e3f70a246971148",
                "sha256:4e594135de17ab3866138f496755f302b72157d115086d100c3f19370839dd3a",
                "sha256:50bf98d5e563b83cc29471fa114366e6806bc06bc7a25fd59641e41445327836",
                "sha256:5a9979887252a82fefd3d3ed2a8e3b937a7a809f65dcb1e068b090e165bbe99e",
                "sha256:5baececa9ecba31eff645232d59845c07aa030f0c81ee70184a90d35099a0e63",
                "sha256:5bf4545e3b962767e5c06fe1738f951f77d27967cb2caa64c28be7c4563e162c",
                "sha256:6333b3aa5a12c26b2a4d4e7335a28f1475e0e5e17d69d55141ee3cab736f66d1",
                "sha256:65c981bdbd3f57670af8b59777cbfae75364b483fa8a9f420f08094531d54a01",
                "sha256:68a328e5f55ec37c57f19ebb1fdc56a248db2e3e9ad769919a58672958e8f366",
                "sha256:6a0289e4589e8bdfef02a80478f1dfcb14f0ab696b5a00e1f4b8a14a307a3c58",
                "sha256:6b66f92b17849b85cad91259efc341dce9c1af48e2173bf38a85c6329f1033e5",
                "sha256:6c9379d65defcab82d07b2a9dfbfc2e95bc8fe0ebb1b176a3190230a3ef0e07c",
                "sha256:6fc1f5b51fa4cecaa18f2bd7a003f3dd039dd615cd69a2afd6d3b19aed6775f2",
                "sha256:70f7172939fdf8790425ba31915bfbe8335030f05b9913d7ae00a87d4395620a",
                "sha256:721c76e84fe669be19c5791da68232ca2e05ba5185575086e384352e2c309597",
                "sha256:7222ffd5e4de8e57e03ce2cef95a4c43c98fcb72ad86909abdfc2c17d227fc1b",
                "sha256:75d10d37a47afee94919c4fab4c22b9bc2a8bf7d4f46f87363bcf0573f3ff4f5",
                "sha256:76af085e67e56c8816c3ccf256ebd136def2ed9654525348cfa744b6802b69eb",
                "sha256:770cab594ecf99ae64c236bc9ee3439c3f46be49796e265ce0cc8bc17b10294f",
                "sha256:7a6ab32f7210554a96cd9e33abe3ddd86732beeafc7a28e9955cdf22ffadbab0",
                "sha256:7c48ed483eb946e6c04ccbe02c6b4d1d48e51944b6db70f697e089c193404941",
                "sha256:7f56930ab0abd1c45cd15be65cc741c28b1c9a34876ce8c17a2fa107810c0af0",
                "sha256:8075c35cd58273fee266c58c0c9b670947c19df5fb98e7b66710e04ad4e9ff86",
                "sha256:8272b73e1c5603666618805fe821edba66892e2870058c94c53147602eab29c7",
                "sha256:82d8fd25b7f4675d0c47cf95b594d4e7b158aca33b76aa63d07186e13c0e0ab7",
                "sha256:844da2b5728b5ce0e32d863af26f32b5ce61bc4273a9c720a9f3aa9df73b1455",
                "sha256:8755483f3c00d6c9a77f490c17e6ab0c8729e39e6390328e42521ef175380ae6",
                "sha256:915f3849a011c1f593ab99092f3cecfcb4d65d8feb4a64cf1bf2d22074dc0ec4",
                "sha256:926ca93accd5d36ccdabd803392ddc3e03e6d4cd1cf17deff3b989ab8e9dbcf0",
                "sha256:982bb1e8b4ffda883b3d0a521e23abcd6fd17418f6d2c4118d257a10199c0ce3",
                "sha256:98f862da73774290f251b9df8d11161b6cf25b599a66baf087c1ffe340e9bfd1",
                "sha256:9cbfacf36cb0ec2897ce0ebc5d08ca44213af24265bd56eca54bee7923c48fd6",
                "sha256:a370b3e078e418187da8c3674eddb9d983ec09445c99a3a263c2011993522981",
                "sha256:a955b438e62efdf7e0b7b52a64dc5c3396e2634baa62471768a64bc2adb73d5c",
                "sha256:aa6af9e7d59f9c12b33ae4e9450619cf2488e2bbe9b44030905877f0b2324980",
                "sha256:aa88ca0b1932e93f2d961bf3addbb2db902198dca337d88c89e1559e066e7645",
                "sha256:aaeeb6a479c7667fbe1099af9617c83aaca22182d6cf8c53966491a0f1b7ffb7",
                "sha256:aaf27faa992bfee0264dc1f03f4c75e9fcdda66a519db6b957a3f826e285cf12",
                "sha256:b2680962a4848b3c4f155dc2ee64505a9c57186d0d56b43123b17ca3de18f0fa",
                "sha256:b2d318c11350e10662026ad0eb71bb51c7812fc8590825304ae0bdd4ac283acd",
                "sha256:b33de11b92e9f75a2b545d6e9b6f37e398d86c3e9e9653c4864eb7e89c5773ef",
                "sha256:b3daeac64d5b371dea99714f08ffc2c208522ec6b06fbc7866a450dd446f5c0f",
                "sha256:be1e352acbe3c78727a16a455126d9ff83ea2dfdcbc83148d2982305a04714c2",
                "sha256:bee093bf902e1d8fc0ac143c88902c3dfc8941f7ea1d6a8dd2bcb786d33db03d",
                "sha256:c72fbbe68c6f32f251bdc08b8611c7b3060612236e960ef848e0a517ddbe76c5",
                "sha256:c9e36a97bee9b86ef9a1cf7bb96747eb7a15c2f22bdb5b516434b00f2a599f02",
                "sha256:cddf7bd982eaa998934a91f69d182aec997c6c468898efe6679af88283b498d3",
                "sha256:cf713fe9a71ef6fd5adf7a79670135081cd4431c2943864757f0fa3a65b1fafd",
                "sha256:d11b54acf878eef558599658b0ffca78138c8c3655cf4f3a4a673c437e67732e",
                "sha256:d41c4d287cfc69060fa91cae9683eacffad989f1a10811995fa309df656ec214",
                "sha256:d524ba3f1581b35c03cb42beebab4a13e6cdad7b36246bd22541fa585a56cccd",
                "sha256:daac4765328a919a805fa5e2720f3e94767abd632ae410a9062dff5412bae65a",
                "sha256:db4c7bf0e07fc3b7d89ac2a5880a6a8062056801b83ff56d8464b70f65482b6c",
                "sha256:dc7039885fa1baf9be153a0626e337aa7ec8bf96b0128605fb0d77788ddc1681",
                "sha256:dccab8d5fa1ef9bfba0590ecf4d46df048d18ffe3eec01eeb73a42e0d9e7a8ba",
                "sha256:dedb8adb91d11846ee08bec4c8236c8549ac721c245678282dcb06b221aab59f",
                "sha256:e45ba65510e2647721e35323d6ef54c7974959f6081b58d4ef5d87c60c84919a",
                "sha256:e53efc7c7cee4c1e70661e2e112ca46a575f90ed9ae3fef200f2a25e954f4b28",
                "sha256:e635b87f01ebc977342e2697d05b56632f5f879a4f15955dfe8cef2448b51691",
                "sha256:e70e990b2137b29dc5564715de1e12701815dacc1d056308e2b17e9095372a82",
                "sha256:e8082b26888e2f8b36a042a58307d5b917ef2b1cacab921ad3323ef91901c71a",
                "sha256:e8323a9b031aa0393768b87f04b4164a40037fb2a3c11ac06a03ffecd3618027",
                "sha256:e92fca20c46e9f5e1bb485887d074918b13543b1c2a1185e69bb8d17ab6236a7",
                "sha256:eb30abc20df9ab0814b5a2524f23d75dcf83cde762c161917a2b4b7b55b1e518",
                "sha256:eba9904b0f38a143592d9fc0e19e2df0fa2e41c3c3745554761c5f6447eedabf",
                "sha256:ef8de666d6179b009dce7bcb2ad4c4a779f113f12caf8dc77f0162c29d20490b",
                "sha256:efd387a49825780ff861998cd959767800d54f8308936b21025326de4b5a42b9",
                "sha256:f0aa37f3c979cf2546b73e8222bbfa3dc07a641585340179d768068e3455e544",
                "sha256:f4074c5a429281bf056ddd4c5d3b740ebca4d43ffffe2ef4bf4d2d05114299da",
                "sha256:f69a27e45c43520f5487f27627059b64aaf160415589230992cec34c5e18a509",
                "sha256:fb707f3e15060adf5b7ada797624a6c6e0138e2a26baa089df64c68ee98e040f",
                "sha256:fcbe676a55d7445b22c10967bceaaf0ee69407fbe0ece4d032b6eb8d4565982a",
                "sha256:fdb20a30fe1175ecabed17cbf7812f7b804b8a315a25f24678bcdf120a90077f"
            ],
            "markers": "python_version >= '3.7'",
            "version": "==3.4.2"
        },
        "click": {
            "hashes": [
                "sha256:27c491cc05d968d271d5a1db13e3b5a184636d9d930f148c50b038f0d0646202",
                "sha256:61a3265b914e850b85317d0b3109c7f8cd35a670f963866005d6ef1d5175a12b"
            ],
            "markers": "python_version >= '3.10'",
            "version": "==8.2.1"
        },
        "colorama": {
            "hashes": [
                "sha256:08695f5cb7ed6e0531a20572697297273c47b8cae5a63ffc6d6ed5c201be6e44",
                "sha256:4f1d9991f5acc0ca119f9d443620b77f9d6b33703e51011c16baf57afb285fc6",
                "sha256:96e0137fb3ab6b56576b4638116d77c59f3e0565f4ea081172e4721c722afa92",
                "sha256:bc3a1efa0b297242dcd0757e2e83d358bcd18bda77735e493aa89a634e74c9bf"
            ],
            "markers": "python_version >= '2.7' and python_version not in '3.0, 3.1, 3.2, 3.3, 3.4, 3.5, 3.6'",
            "version": "==0.4.6"
        },
        "exceptiongroup": {
            "hashes": [
                "sha256:4d111e6e0c13d0644cad6ddaa7ed0261a0b36971f6d23e7ec9b4b9097da78a10",
                "sha256:b241f5885f560bc56a59ee63ca4c6a8bfa46ae4ad651af316d4e81817bb9fd88"
            ],
            "markers": "python_version >= '3.7'",
            "version": "==1.3.0"
        },
        "fastapi": {
            "hashes": [
                "sha256:c46ac7c312df840f0c9e220f7964bada936781bc4e2e6eb71f1c4d7553786565",
                "sha256:ed52cbf946abfd70c5a0dccb24673f0670deeb517a88b3544d03c2a6bf283143"
            ],
            "index": "pip_conf_index_global",
            "markers": "python_version >= '3.8'",
            "version": "==0.116.1"
        },
        "greenlet": {
            "hashes": [
                "sha256:003c930e0e074db83559edc8705f3a2d066d4aa8c2f198aff1e454946efd0f26",
                "sha256:024571bbce5f2c1cfff08bf3fbaa43bbc7444f580ae13b0099e95d0e6e67ed36",
                "sha256:02b0df6f63cd15012bed5401b47829cfd2e97052dc89da3cfaf2c779124eb892",
                "sha256:0921ac4ea42a5315d3446120ad48f90c3a6b9bb93dd9b3cf4e4d84a66e42de83",
                "sha256:0cc73378150b8b78b0c9fe2ce56e166695e67478550769536a6742dca3651688",
                "sha256:1afd685acd5597349ee6d7a88a8bec83ce13c106ac78c196ee9dde7c04fe87be",
                "sha256:22eb5ba839c4b2156f18f76768233fe44b23a31decd9cc0d4cc8141c211fd1b4",
                "sha256:25ad29caed5783d4bd7a85c9251c651696164622494c00802a139c00d639242d",
                "sha256:29e184536ba333003540790ba29829ac14bb645514fbd7e32af331e8202a62a5",
                "sha256:2c724620a101f8170065d7dded3f962a2aea7a7dae133a009cada42847e04a7b",
                "sha256:2d8aa5423cd4a396792f6d4580f88bdc6efcb9205891c9d40d20f6e670992efb",
                "sha256:3d04332dddb10b4a211b68111dabaee2e1a073663d117dc10247b5b1642bac86",
                "sha256:419e60f80709510c343c57b4bb5a339d8767bf9aef9b8ce43f4f143240f88b7c",
                "sha256:42efc522c0bd75ffa11a71e09cd8a399d83fafe36db250a87cf1dacfaa15dc64",
                "sha256:4532f0d25df67f896d137431b13f4cdce89f7e3d4a96387a41290910df4d3a57",
                "sha256:49c8cfb18fb419b3d08e011228ef8a25882397f3a859b9fe1436946140b6756b",
                "sha256:500b8689aa9dd1ab26872a34084503aeddefcb438e2e7317b89b11eaea1901ad",
                "sha256:5035d77a27b7c62db6cf41cf786cfe2242644a7a337a0e155c80960598baab95",
                "sha256:5195fb1e75e592dd04ce79881c8a22becdfa3e6f500e7feb059b1e6fdd54d3e3",
                "sha256:592c12fb1165be74592f5de0d70f82bc5ba552ac44800d632214b76089945147",
                "sha256:68671180e3849b963649254a882cd544a3c75bfcd2c527346ad8bb53494444db",
                "sha256:706d016a03e78df129f68c4c9b4c4f963f7d73534e48a24f5f5a7101ed13dbbb",
                "sha256:72e77ed69312bab0434d7292316d5afd6896192ac4327d44f3d613ecb85b037c",
                "sha256:731e154aba8e757aedd0781d4b240f1225b075b4409f1bb83b05ff410582cf00",
                "sha256:7454d37c740bb27bdeddfc3f358f26956a07d5220818ceb467a483197d84f849",
                "sha256:751261fc5ad7b6705f5f76726567375bb2104a059454e0226e1eef6c756748ba",
                "sha256:761917cac215c61e9dc7324b2606107b3b292a8349bdebb31503ab4de3f559ac",
                "sha256:784ae58bba89fa1fa5733d170d42486580cab9decda3484779f4759345b29822",
                "sha256:7e70ea4384b81ef9e84192e8a77fb87573138aa5d4feee541d8014e452b434da",
                "sha256:8186162dffde068a465deab08fc72c767196895c39db26ab1c17c0b77a6d8b97",
                "sha256:8324319cbd7b35b97990090808fdc99c27fe5338f87db50514959f8059999805",
                "sha256:83a8761c75312361aa2b5b903b79da97f13f556164a7dd2d5448655425bd4c34",
                "sha256:86c2d68e87107c1792e2e8d5399acec2487a4e993ab76c792408e59394d52141",
                "sha256:8704b3768d2f51150626962f4b9a9e4a17d2e37c8a8d9867bbd9fa4eb938d3b3",
                "sha256:873abe55f134c48e1f2a6f53f7d1419192a3d1a4e873bace00499a4e45ea6af0",
                "sha256:88cd97bf37fe24a6710ec6a3a7799f3f81d9cd33317dcf565ff9950c83f55e0b",
                "sha256:8b0dd8ae4c0d6f5e54ee55ba935eeb3d735a9b58a8a1e5b5cbab64e01a39f365",
                "sha256:8c37ef5b3787567d322331d5250e44e42b58c8c713859b8a04c6065f27efbf72",
                "sha256:8c47aae8fbbfcf82cc13327ae802ba13c9c36753b67e760023fd116bc124a62a",
                "sha256:93c0bb79844a367782ec4f429d07589417052e621aa39a5ac1fb99c5aa308edc",
                "sha256:93d48533fade144203816783373f27a97e4193177ebaaf0fc396db19e5d61163",
                "sha256:96c20252c2f792defe9a115d3287e14811036d51e78b3aaddbee23b69b216302",
                "sha256:a07d3472c2a93117af3b0136f246b2833fdc0b542d4a9799ae5f41c28323faef",
                "sha256:a433dbc54e4a37e4fff90ef34f25a8c00aed99b06856f0119dcf09fbafa16392",
                "sha256:aaa7aae1e7f75eaa3ae400ad98f8644bb81e1dc6ba47ce8a93d3f17274e08322",
                "sha256:baeedccca94880d2f5666b4fa16fc20ef50ba1ee353ee2d7092b383a243b0b0d",
                "sha256:be52af4b6292baecfa0f397f3edb3c6092ce071b499dd6fe292c9ac9f2c8f264",
                "sha256:c667c0bf9d406b77a15c924ef3285e1e05250948001220368e039b6aa5b5034b",
                "sha256:ce539fb52fb774d0802175d37fcff5c723e2c7d249c65916257f0a940cee8904",
                "sha256:d2971d93bb99e05f8c2c0c2f4aa9484a18d98c4c3bd3c62b65b7e6ae33dfcfaf",
                "sha256:d760f9bdfe79bff803bad32b4d8ffb2c1d2ce906313fc10a83976ffb73d64ca7",
                "sha256:ed6cfa9200484d234d8394c70f5492f144b20d4533f69262d530a1a082f6ee9a",
                "sha256:efc6dc8a792243c31f2f5674b670b3a95d46fa1c6a912b8e310d6f542e7b0712",
                "sha256:f4bfbaa6096b1b7a200024784217defedf46a07c2eee1a498e94a1b5f8ec5728"
            ],
            "markers": "python_version >= '3.9'",
            "version": "==3.2.3"
        },
        "h11": {
            "hashes": [
                "sha256:4e35b956cf45792e4caa5885e69fba00bdbc6ffafbfa020300e549b208ee5ff1",
                "sha256:63cf8bbe7522de3bf65932fda1d9c2772064ffb3dae62d55932da54b31cb6c86"
            ],
            "markers": "python_version >= '3.8'",
            "version": "==0.16.0"
        },
        "idna": {
            "hashes": [
                "sha256:12f65c9b470abda6dc35cf8e63cc574b1c52b11df2c86030af0ac09b01b13ea9",
                "sha256:946d195a0d259cbba61165e88e65941f16e9b36ea6ddb97f00452bae8b1287d3"
            ],
            "markers": "python_version >= '3.6'",
            "version": "==3.10"
        },
        "psutil": {
            "hashes": [
                "sha256:101d71dc322e3cffd7cea0650b09b3d08b8e7c4109dd6809fe452dfd00e58b25",
                "sha256:1e744154a6580bc968a0195fd25e80432d3afec619daf145b9e5ba16cc1d688e",
                "sha256:1fcee592b4c6f146991ca55919ea3d1f8926497a713ed7faaf8225e174581e91",
                "sha256:39db632f6bb862eeccf56660871433e111b6ea58f2caea825571951d4b6aa3da",
                "sha256:4b1388a4f6875d7e2aff5c4ca1cc16c545ed41dd8bb596cefea80111db353a34",
                "sha256:4cf3d4eb1aa9b348dec30105c55cd9b7d4629285735a102beb4441e38db90553",
                "sha256:7be9c3eba38beccb6495ea33afd982a44074b78f28c434a1f51cc07fd315c456",
                "sha256:84df4eb63e16849689f76b1ffcb36db7b8de703d1bc1fe41773db487621b6c17",
                "sha256:a5f098451abc2828f7dc6b58d44b532b22f2088f4999a937557b603ce72b1993",
                "sha256:ba3fcef7523064a6c9da440fc4d6bd07da93ac726b5733c29027d7dc95b39d99"
            ],
            "index": "pip_conf_index_global",
            "markers": "python_version >= '3.6'",
            "version": "==7.0.0"
        },
        "pydantic": {
            "hashes": [
                "sha256:d989c3c6cb79469287b1569f7447a17848c998458d49ebe294e975b9baf0f0db",
                "sha256:dde5df002701f6de26248661f6835bbe296a47bf73990135c7d07ce741b9623b"
            ],
            "markers": "python_version >= '3.9'",
            "version": "==2.11.7"
        },
        "pydantic-core": {
            "hashes": [
                "sha256:0069c9acc3f3981b9ff4cdfaf088e98d83440a4c7ea1bc07460af3d4dc22e72d",
                "sha256:031c57d67ca86902726e0fae2214ce6770bbe2f710dc33063187a68744a5ecac",
                "sha256:0405262705a123b7ce9f0b92f123334d67b70fd1f20a9372b907ce1080c7ba02",
                "sha256:04a1a413977ab517154eebb2d326da71638271477d6ad87a769102f7c2488c56",
                "sha256:09fb9dd6571aacd023fe6aaca316bd01cf60ab27240d7eb39ebd66a3a15293b4",
                "sha256:0a39979dcbb70998b0e505fb1556a1d550a0781463ce84ebf915ba293ccb7e22",
                "sha256:0a9f2c9dd19656823cb8250b0724ee9c60a82f3cdf68a080979d13092a3b0fef",
                "sha256:0e03262ab796d986f978f79c943fc5f620381be7287148b8010b4097f79a39ec",
                "sha256:0e5b2671f05ba48b94cb90ce55d8bdcaaedb8ba00cc5359f6810fc918713983d",
                "sha256:0e6116757f7959a712db11f3e9c0a99ade00a5bbedae83cb801985aa154f071b",
                "sha256:0fb2d542b4d66f9470e8065c5469ec676978d625a8b7a363f07d9a501a9cb36a",
                "sha256:1082dd3e2d7109ad8b7da48e1d4710c8d06c253cbc4a27c1cff4fbcaa97a9e3f",
                "sha256:1a8695a8d00c73e50bff9dfda4d540b7dee29ff9b8053e38380426a85ef10052",
                "sha256:1e063337ef9e9820c77acc768546325ebe04ee38b08703244c1309cccc4f1bab",
                "sha256:1ea40a64d23faa25e62a70ad163571c0b342b8bf66d5fa612ac0dec4f069d916",
                "sha256:2058a32994f1fde4ca0480ab9d1e75a0e8c87c22b53a3ae66554f9af78f2fe8c",
                "sha256:235f45e5dbcccf6bd99f9f472858849f73d11120d76ea8707115415f8e5ebebf",
                "sha256:2807668ba86cb38c6817ad9bc66215ab8584d1d304030ce4f0887336f28a5e27",
                "sha256:2b0a451c263b01acebe51895bfb0e1cc842a5c666efe06cdf13846c7418caa9a",
                "sha256:2b3d326aaef0c0399d9afffeb6367d5e26ddc24d351dbc9c636840ac355dc5d8",
                "sha256:2bfb5112df54209d820d7bf9317c7a6c9025ea52e49f46b6a2060104bba37de7",
                "sha256:2f82865531efd18d6e07a04a17331af02cb7a651583c418df8266f17a63c6612",
                "sha256:329467cecfb529c925cf2bbd4d60d2c509bc2fb52a20c1045bf09bb70971a9c1",
                "sha256:3a1c81334778f9e3af2f8aeb7a960736e5cab1dfebfb26aabca09afd2906c039",
                "sha256:3abcd9392a36025e3bd55f9bd38d908bd17962cc49bc6da8e7e96285336e2bca",
                "sha256:3c6db6e52c6d70aa0d00d45cdb9b40f0433b96380071ea80b09277dba021ddf7",
                "sha256:3dc625f4aa79713512d1976fe9f0bc99f706a9dee21dfd1810b4bbbf228d0e8a",
                "sha256:3eb3fe62804e8f859c49ed20a8451342de53ed764150cb14ca71357c765dc2a6",
                "sha256:44857c3227d3fb5e753d5fe4a3420d6376fa594b07b621e220cd93703fe21782",
                "sha256:4b25d91e288e2c4e0662b8038a28c6a07eaac3e196cfc4ff69de4ea3db992a1b",
                "sha256:4c5b0a576fb381edd6d27f0a85915c6daf2f8138dc5c267a57c08a62900758c7",
                "sha256:4e61206137cbc65e6d5256e1166f88331d3b6238e082d9f74613b9b765fb9025",
                "sha256:52fb90784e0a242bb96ec53f42196a17278855b0f31ac7c3cc6f5c1ec4811849",
                "sha256:53a57d2ed685940a504248187d5685e49eb5eef0f696853647bf37c418c538f7",
                "sha256:572c7e6c8bb4774d2ac88929e3d1f12bc45714ae5ee6d9a788a9fb35e60bb04b",
                "sha256:5c4aa4e82353f65e548c476b37e64189783aa5384903bfea4f41580f255fddfa",
                "sha256:5c92edd15cd58b3c2d34873597a1e20f13094f59cf88068adb18947df5455b4e",
                "sha256:5f483cfb75ff703095c59e365360cb73e00185e01aaea067cd19acffd2ab20ea",
                "sha256:61c18fba8e5e9db3ab908620af374db0ac1baa69f0f32df4f61ae23f15e586ac",
                "sha256:6368900c2d3ef09b69cb0b913f9f8263b03786e5b2a387706c5afb66800efd51",
                "sha256:64632ff9d614e5eecfb495796ad51b0ed98c453e447a76bcbeeb69615079fc7e",
                "sha256:65132b7b4a1c0beded5e057324b7e16e10910c106d43675d9bd87d4f38dde162",
                "sha256:6b99022f1d19bc32a4c2a0d544fc9a76e3be90f0b3f4af413f87d38749300e65",
                "sha256:6bdfe4b3789761f3bcb4b1ddf33355a71079858958e3a552f16d5af19768fef2",
                "sha256:6fa6dfc3e4d1f734a34710f391ae822e0a8eb8559a85c6979e14e65ee6ba2954",
                "sha256:73662edf539e72a9440129f231ed3757faab89630d291b784ca99237fb94db2b",
                "sha256:73cf6373c21bc80b2e0dc88444f41ae60b2f070ed02095754eb5a01df12256de",
                "sha256:7cb8bc3605c29176e1b105350d2e6474142d7c1bd1d9327c4a9bdb46bf827acc",
                "sha256:7f92c15cd1e97d4b12acd1cc9004fa092578acfa57b67ad5e43a197175d01a64",
                "sha256:82f68293f055f51b51ea42fafc74b6aad03e70e191799430b90c13d643059ebb",
                "sha256:83aa99b1285bc8f038941ddf598501a86f1536789740991d7d8756e34f1e74d9",
                "sha256:87acbfcf8e90ca885206e98359d7dca4bcbb35abdc0ff66672a293e1d7a19101",
                "sha256:87b31b6846e361ef83fedb187bb5b4372d0da3f7e28d85415efa92d6125d6e6d",
                "sha256:881b21b5549499972441da4758d662aeea93f1923f953e9cbaff14b8b9565aef",
                "sha256:8d55ab81c57b8ff8548c3e4947f119551253f4e3787a7bbc0b6b3ca47498a9d3",
                "sha256:8f57a69461af2a5fa6e6bbd7a5f60d3b7e6cebb687f55106933188e79ad155c1",
                "sha256:95237e53bb015f67b63c91af7518a62a8660376a6a0db19b89acc77a4d6199f5",
                "sha256:96081f1605125ba0855dfda83f6f3df5ec90c61195421ba72223de35ccfb2f88",
                "sha256:970919794d126ba8645f3837ab6046fb4e72bbc057b3709144066204c19a455d",
                "sha256:9cb1da0f5a471435a7bc7e439b8a728e8b61e59784b2af70d7c169f8dd8ae290",
                "sha256:9fcd347d2cc5c23b06de6d3b7b8275be558a0c90549495c699e379a80bf8379e",
                "sha256:9fdac5d6ffa1b5a83bca06ffe7583f5576555e6c8b3a91fbd25ea7780f825f7d",
                "sha256:a11c8d26a50bfab49002947d3d237abe4d9e4b5bdc8846a63537b6488e197808",
                "sha256:a144d4f717285c6d9234a66778059f33a89096dfb9b39117663fd8413d582dcc",
                "sha256:a2b911a5b90e0374d03813674bf0a5fbbb7741570dcd4b4e85a2e48d17def29d",
                "sha256:a7ec89dc587667f22b6a0b6579c249fca9026ce7c333fc142ba42411fa243cdc",
                "sha256:aa9d91b338f2df0508606f7009fde642391425189bba6d8c653afd80fd6bb64e",
                "sha256:b0379a2b24882fef529ec3b4987cb5d003b9cda32256024e6fe1586ac45fc640",
                "sha256:bc7aee6f634a6f4a95676fcb5d6559a2c2a390330098dba5e5a5f28a2e4ada30",
                "sha256:bdc25f3681f7b78572699569514036afe3c243bc3059d3942624e936ec93450e",
                "sha256:c083a3bdd5a93dfe480f1125926afcdbf2917ae714bdb80b36d34318b2bec5d9",
                "sha256:c20c462aa4434b33a2661701b861604913f912254e441ab8d78d30485736115a",
                "sha256:c2fc0a768ef76c15ab9238afa6da7f69895bb5d1ee83aeea2e3509af4472d0b9",
                "sha256:c52b02ad8b4e2cf14ca7b3d918f3eb0ee91e63b3167c32591e57c4317e134f8f",
                "sha256:c54c939ee22dc8e2d545da79fc5381f1c020d6d3141d3bd747eab59164dc89fb",
                "sha256:c8e7af2f4e0194c22b5b37205bfb293d166a7344a5b0d0eaccebc376546d77d5",
                "sha256:cca3868ddfaccfbc4bfb1d608e2ccaaebe0ae628e1416aeb9c4d88c001bb45ab",
                "sha256:d3f26877a748dc4251cfcfda9dfb5f13fcb034f5308388066bcfe9031b63ae7d",
                "sha256:d53b22f2032c42eaaf025f7c40c2e3b94568ae077a606f006d206a463bc69572",
                "sha256:d87c561733f66531dced0da6e864f44ebf89a8fba55f31407b00c2f7f9449593",
                "sha256:d946c8bf0d5c24bf4fe333af284c59a19358aa3ec18cb3dc4370080da1e8ad29",
                "sha256:dac89aea9af8cd672fa7b510e7b8c33b0bba9a43186680550ccf23020f32d535",
                "sha256:db4b41f9bd95fbe5acd76d89920336ba96f03e149097365afe1cb092fceb89a1",
                "sha256:dc46a01bf8d62f227d5ecee74178ffc448ff4e5197c756331f71efcc66dc980f",
                "sha256:dd14041875d09cc0f9308e37a6f8b65f5585cf2598a53aa0123df8b129d481f8",
                "sha256:de4b83bb311557e439b9e186f733f6c645b9417c84e2eb8203f3f820a4b988bf",
                "sha256:e799c050df38a639db758c617ec771fd8fb7a5f8eaaa4b27b101f266b216a246",
                "sha256:e80b087132752f6b3d714f041ccf74403799d3b23a72722ea2e6ba2e892555b9",
                "sha256:eb8c529b2819c37140eb51b914153063d27ed88e3bdc31b71198a198e921e011",
                "sha256:eb9b459ca4df0e5c87deb59d37377461a538852765293f9e6ee834f0435a93b9",
                "sha256:efec8db3266b76ef9607c2c4c419bdb06bf335ae433b80816089ea7585816f6a",
                "sha256:f481959862f57f29601ccced557cc2e817bce7533ab8e01a797a48b49c9692b3",
                "sha256:f517ca031dfc037a9c07e748cefd8d96235088b83b4f4ba8939105d20fa1dcd6",
                "sha256:f889f7a40498cc077332c7ab6b4608d296d852182211787d4f3ee377aaae66e8",
                "sha256:f8de619080e944347f5f20de29a975c2d815d9ddd8be9b9b7268e2e3ef68605a",
                "sha256:f941635f2a3d96b2973e867144fde513665c87f13fe0e193c158ac51bfaaa7b2",
                "sha256:fa754d1850735a0b0e03bcffd9d4b4343eb417e47196e4485d9cca326073a42c",
                "sha256:fa854f5cf7e33842a892e5c73f45327760bc7bc516339fda888c75ae60edaeb6",
                "sha256:fe5b32187cbc0c862ee201ad66c30cf218e5ed468ec8dc1cf49dec66e160cc4d"
            ],
            "markers": "python_version >= '3.9'",
            "version": "==2.33.2"
        },
        "python-dotenv": {
            "hashes": [
                "sha256:31f23644fe2602f88ff55e1f5c79ba497e01224ee7737937930c448e4d0e24dc",
                "sha256:a8a6399716257f45be6a007360200409fce5cda2661e3dec71d23dc15f6189ab"
            ],
            "index": "pip_conf_index_global",
            "markers": "python_version >= '3.9'",
            "version": "==1.1.1"
        },
        "python-multipart": {
            "hashes": [
                "sha256:8a62d3a8335e06589fe01f2a3e178cdcc632f3fbe0d492ad9ee0ec35aab1f104",
                "sha256:8dd0cab45b8e23064ae09147625994d090fa46f5b0d1e13af944c331a7fa9d13"
            ],
            "index": "pip_conf_index_global",
            "markers": "python_version >= '3.8'",
            "version": "==0.0.20"
        },
        "requests": {
            "hashes": [
                "sha256:27babd3cda2a6d50b30443204ee89830707d396671944c998b5975b031ac2b2c",
                "sha256:27d0316682c8a29834d3264820024b62a36942083d52caf2f14c0591336d3422"
            ],
            "index": "pip_conf_index_global",
            "markers": "python_version >= '3.8'",
            "version": "==2.32.4"
        },
        "sniffio": {
            "hashes": [
                "sha256:2f6da418d1f1e0fddd844478f41680e794e6051915791a034ff65e5f100525a2",
                "sha256:f4324edc670a0f49750a81b895f35c3adb843cca46f0530f79fc1babb23789dc"
            ],
            "markers": "python_version >= '3.7'",
            "version": "==1.3.1"
        },
        "sqlalchemy": {
            "hashes": [
                "sha256:023b3ee6169969beea3bb72312e44d8b7c27c75b347942d943cf49397b7edeb5",
                "sha256:03968a349db483936c249f4d9cd14ff2c296adfa1290b660ba6516f973139582",
                "sha256:05132c906066142103b83d9c250b60508af556982a385d96c4eaa9fb9720ac2b",
                "sha256:087b6b52de812741c27231b5a3586384d60c353fbd0e2f81405a814b5591dc8b",
                "sha256:0b3dbf1e7e9bc95f4bac5e2fb6d3fb2f083254c3fdd20a1789af965caf2d2348",
                "sha256:118c16cd3f1b00c76d69343e38602006c9cfb9998fa4f798606d28d63f23beda",
                "sha256:1936af879e3db023601196a1684d28e12f19ccf93af01bf3280a3262c4b6b4e5",
                "sha256:1e3f196a0c59b0cae9a0cd332eb1a4bda4696e863f4f1cf84ab0347992c548c2",
                "sha256:23a8825495d8b195c4aa9ff1c430c28f2c821e8c5e2d98089228af887e5d7e29",
                "sha256:293cd444d82b18da48c9f71cd7005844dbbd06ca19be1ccf6779154439eec0b8",
                "sha256:32f9dc8c44acdee06c8fc6440db9eae8b4af8b01e4b1aee7bdd7241c22edff4f",
                "sha256:34ea30ab3ec98355235972dadc497bb659cc75f8292b760394824fab9cf39826",
                "sha256:3d3549fc3e40667ec7199033a4e40a2f669898a00a7b18a931d3efb4c7900504",
                "sha256:41836fe661cc98abfae476e14ba1906220f92c4e528771a8a3ae6a151242d2ae",
                "sha256:4d44522480e0bf34c3d63167b8cfa7289c1c54264c2950cc5fc26e7850967e45",
                "sha256:4eeb195cdedaf17aab6b247894ff2734dcead6c08f748e617bfe05bd5a218443",
                "sha256:4f67766965996e63bb46cfbf2ce5355fc32d9dd3b8ad7e536a920ff9ee422e23",
                "sha256:57df5dc6fdb5ed1a88a1ed2195fd31927e705cad62dedd86b46972752a80f576",
                "sha256:598d9ebc1e796431bbd068e41e4de4dc34312b7aa3292571bb3674a0cb415dd1",
                "sha256:5b14e97886199c1f52c14629c11d90c11fbb09e9334fa7bb5f6d068d9ced0ce0",
                "sha256:5e22575d169529ac3e0a120cf050ec9daa94b6a9597993d1702884f6954a7d71",
                "sha256:60c578c45c949f909a4026b7807044e7e564adf793537fc762b2489d522f3d11",
                "sha256:6145afea51ff0af7f2564a05fa95eb46f542919e6523729663a5d285ecb3cf5e",
                "sha256:6375cd674fe82d7aa9816d1cb96ec592bac1726c11e0cafbf40eeee9a4516b5f",
                "sha256:6854175807af57bdb6425e47adbce7d20a4d79bbfd6f6d6519cd10bb7109a7f8",
                "sha256:6ab60a5089a8f02009f127806f777fca82581c49e127f08413a66056bd9166dd",
                "sha256:725875a63abf7c399d4548e686debb65cdc2549e1825437096a0af1f7e374814",
                "sha256:7492967c3386df69f80cf67efd665c0f667cee67032090fe01d7d74b0e19bb08",
                "sha256:81965cc20848ab06583506ef54e37cf15c83c7e619df2ad16807c03100745dea",
                "sha256:81c24e0c0fde47a9723c81d5806569cddef103aebbf79dbc9fcbb617153dea30",
                "sha256:81eedafa609917040d39aa9332e25881a8e7a0862495fcdf2023a9667209deda",
                "sha256:81f413674d85cfd0dfcd6512e10e0f33c19c21860342a4890c3a2b59479929f9",
                "sha256:8280856dd7c6a68ab3a164b4a4b1c51f7691f6d04af4d4ca23d6ecf2261b7923",
                "sha256:82ca366a844eb551daff9d2e6e7a9e5e76d2612c8564f58db6c19a726869c1df",
                "sha256:8b4af17bda11e907c51d10686eda89049f9ce5669b08fbe71a29747f1e876036",
                "sha256:90144d3b0c8b139408da50196c5cad2a6909b51b23df1f0538411cd23ffa45d3",
                "sha256:906e6b0d7d452e9a98e5ab8507c0da791856b2380fdee61b765632bb8698026f",
                "sha256:90c11ceb9a1f482c752a71f203a81858625d8df5746d787a4786bca4ffdf71c6",
                "sha256:911cc493ebd60de5f285bcae0491a60b4f2a9f0f5c270edd1c4dbaef7a38fc04",
                "sha256:9a420a91913092d1e20c86a2f5f1fc85c1a8924dbcaf5e0586df8aceb09c9cc2",
                "sha256:9f8c9fdd15a55d9465e590a402f42082705d66b05afc3ffd2d2eb3c6ba919560",
                "sha256:a104c5694dfd2d864a6f91b0956eb5d5883234119cb40010115fd45a16da5e70",
                "sha256:a373a400f3e9bac95ba2a06372c4fd1412a7cee53c37fc6c05f829bf672b8769",
                "sha256:a62448526dd9ed3e3beedc93df9bb6b55a436ed1474db31a2af13b313a70a7e1",
                "sha256:a8808d5cf866c781150d36a3c8eb3adccfa41a8105d031bf27e92c251e3969d6",
                "sha256:b1f09b6821406ea1f94053f346f28f8215e293344209129a9c0fcc3578598d7b",
                "sha256:b2ac41acfc8d965fb0c464eb8f44995770239668956dc4cdf502d1b1ffe0d747",
                "sha256:b46fa6eae1cd1c20e6e6f44e19984d438b6b2d8616d21d783d150df714f44078",
                "sha256:b50eab9994d64f4a823ff99a0ed28a6903224ddbe7fef56a6dd865eec9243440",
                "sha256:bfc9064f6658a3d1cadeaa0ba07570b83ce6801a1314985bf98ec9b95d74e15f",
                "sha256:c0b0e5e1b5d9f3586601048dd68f392dc0cc99a59bb5faf18aab057ce00d00b2",
                "sha256:c153265408d18de4cc5ded1941dcd8315894572cddd3c58df5d5b5705b3fa28d",
                "sha256:d4ae769b9c1c7757e4ccce94b0641bc203bbdf43ba7a2413ab2523d8d047d8dc",
                "sha256:dc56c9788617b8964ad02e8fcfeed4001c1f8ba91a9e1f31483c0dffb207002a",
                "sha256:dd5ec3aa6ae6e4d5b5de9357d2133c07be1aff6405b136dad753a16afb6717dd",
                "sha256:edba70118c4be3c2b1f90754d308d0b79c6fe2c0fdc52d8ddf603916f83f4db9",
                "sha256:ff8e80c4c4932c10493ff97028decfdb622de69cae87e0f127a7ebe32b4069c6"
            ],
            "index": "pip_conf_index_global",
            "markers": "python_version >= '3.7'",
            "version": "==2.0.41"
        },
        "starlette": {
            "hashes": [
                "sha256:5e11c9f5c7c3f24959edbf2dffdc01bba860228acf657129467d8a7468591527",
                "sha256:aef012dd2b6be325ffa16698f9dc533614fb1cebd593a906b90dc1025529a79b"
            ],
            "markers": "python_version >= '3.9'",
            "version": "==0.47.1"
        },
        "typing-extensions": {
            "hashes": [
                "sha256:38b39f4aeeab64884ce9f74c94263ef78f3c22467c8724005483154c26648d36",
                "sha256:d1e1e3b58374dc93031d6eda2420a48ea44a36c2b4766a4fdeb3710755731d76"
            ],
            "markers": "python_version >= '3.9'",
            "version": "==4.14.1"
        },
        "typing-inspection": {
            "hashes": [
                "sha256:389055682238f53b04f7badcb49b989835495a96700ced5dab2d8feae4b26f51",
                "sha256:6ae134cc0203c33377d43188d4064e9b357dba58cff3185f22924610e70a9d28"
            ],
            "markers": "python_version >= '3.9'",
            "version": "==0.4.1"
        },
        "urllib3": {
            "hashes": [
                "sha256:3fc47733c7e419d4bc3f6b3dc2b4f890bb743906a30d56ba4a5bfa4bbff92760",
                "sha256:e6b01673c0fa6a13e374b50871808eb3bf7046c4b125b216f6bf1cc604cff0dc"
            ],
            "markers": "python_version >= '3.9'",
            "version": "==2.5.0"
        },
        "uvicorn": {
            "hashes": [
                "sha256:197535216b25ff9b785e29a0b79199f55222193d47f820816e7da751e9bc8d4a",
                "sha256:bc662f087f7cf2ce11a1d7fd70b90c9f98ef2e2831556dd078d131b96cc94a01"
            ],
            "index": "pip_conf_index_global",
            "markers": "python_version >= '3.9'",
            "version": "==0.35.0"
        }
    },
    "develop": {}
}
